{
    "_readme": [
        "This file locks the dependencies of your project to a known state",
        "Read more about it at http://getcomposer.org/doc/01-basic-usage.md#composer-lock-the-lock-file"
    ],
    "hash": "3f1c83237c5d41a5915a1515a86811f2",
    "packages": [
        {
            "name": "robvanaarle/ultimo-acl",
            "version": "dev-master",
            "source": {
                "type": "git",
                "url": "https://github.com/robvanaarle/ultimo-acl",
                "reference": "44895d38a65984a9238873c55861cd1477a0df98"
            },
            "type": "library",
            "autoload": {
                "psr-4": {
                    "ultimo\\": "src/ultimo/"
                }
            },
            "license": [
                "BSD-3-Clause"
            ],
            "authors": [
                {
                    "name": "Rob van Aarle"
                }
            ],
            "description": "Simple access control list",
            "keywords": [
                "access",
                "acl",
                "privilege",
                "role",
                "security"
            ],
            "time": "2014-02-19 16:03:54"
        }
    ],
    "packages-dev": [

    ],
    "aliases": [

    ],
    "minimum-stability": "stable",
    "stability-flags": {
        "robvanaarle/ultimo-acl": 20
    },
    "platform": [

    ],
    "platform-dev": [

    ]
}
